
Microsoft Visual Studio Solution File, Format Version 12.00
# Visual Studio Version 17
VisualStudioVersion = 17.4.33103.184
MinimumVisualStudioVersion = 10.0.40219.1
Project("{9A19103F-16F7-4668-BE54-9A1E7A4F7556}") = "Areas", "Areas\Areas.csproj", "{19CB03CA-CA07-41B8-9E43-188A499C0CC8}"
EndProject
Project("{FAE04EC0-301F-11D3-BF4B-00C04F79EFBC}") = "TestAreas", "TestAreas\TestAreas.csproj", "{324A42F8-CAE7-4194-BE63-A54535A25B11}"
EndProject
Global
	GlobalSection(SolutionConfigurationPlatforms) = preSolution
		Debug|Any CPU = Debug|Any CPU
		Release|Any CPU = Release|Any CPU
	EndGlobalSection
	GlobalSection(ProjectConfigurationPlatforms) = postSolution
		{19CB03CA-CA07-41B8-9E43-188A499C0CC8}.Debug|Any CPU.ActiveCfg = Debug|Any CPU
		{19CB03CA-CA07-41B8-9E43-188A499C0CC8}.Debug|Any CPU.Build.0 = Debug|Any CPU
		{19CB03CA-CA07-41B8-9E43-188A499C0CC8}.Release|Any CPU.ActiveCfg = Release|Any CPU
		{19CB03CA-CA07-41B8-9E43-188A499C0CC8}.Release|Any CPU.Build.0 = Release|Any CPU
		{324A42F8-CAE7-4194-BE63-A54535A25B11}.Debug|Any CPU.ActiveCfg = Debug|Any CPU
		{324A42F8-CAE7-4194-BE63-A54535A25B11}.Debug|Any CPU.Build.0 = Debug|Any CPU
		{324A42F8-CAE7-4194-BE63-A54535A25B11}.Release|Any CPU.ActiveCfg = Release|Any CPU
		{324A42F8-CAE7-4194-BE63-A54535A25B11}.Release|Any CPU.Build.0 = Release|Any CPU
	EndGlobalSection
	GlobalSection(SolutionProperties) = preSolution
		HideSolutionNode = FALSE
	EndGlobalSection
	GlobalSection(ExtensibilityGlobals) = postSolution
		SolutionGuid = {EA058028-3C15-403A-9D4E-87F81F6324DE}
	EndGlobalSection
EndGlobal
